
Microsoft Visual Studio Solution File, Format Version 12.00
# Visual Studio Version 17
VisualStudioVersion = 17.0.32126.317
MinimumVisualStudioVersion = 10.0.40219.1
Project("{FAE04EC0-301F-11D3-BF4B-00C04F79EFBC}") = "Mircar", "Mircar\Mircar.csproj", "{C86461C2-6165-4663-AF84-69D902188A42}"
EndProject
Global
	GlobalSection(SolutionConfigurationPlatforms) = preSolution
		Debug|Any CPU = Debug|Any CPU
		Release|Any CPU = Release|Any CPU
	EndGlobalSection
	GlobalSection(ProjectConfigurationPlatforms) = postSolution
		{C86461C2-6165-4663-AF84-69D902188A42}.Debug|Any CPU.ActiveCfg = Debug|Any CPU
		{C86461C2-6165-4663-AF84-69D902188A42}.Debug|Any CPU.Build.0 = Debug|Any CPU
		{C86461C2-6165-4663-AF84-69D902188A42}.Release|Any CPU.ActiveCfg = Release|Any CPU
		{C86461C2-6165-4663-AF84-69D902188A42}.Release|Any CPU.Build.0 = Release|Any CPU
	EndGlobalSection
	GlobalSection(SolutionProperties) = preSolution
		HideSolutionNode = FALSE
	EndGlobalSection
	GlobalSection(ExtensibilityGlobals) = postSolution
		SolutionGuid = {AB871D66-C494-4131-8AFE-5739FC9803CB}
	EndGlobalSection
EndGlobal
